
Microsoft Visual Studio Solution File, Format Version 12.00
# Visual Studio Version 17
VisualStudioVersion = 17.3.32922.545
MinimumVisualStudioVersion = 10.0.40219.1
Project("{9A19103F-16F7-4668-BE54-9A1E7A4F7556}") = "FURNITURE", "FURNITURE.csproj", "{9A63A20E-7008-441A-8827-99004F85BDB6}"
EndProject
Global
	GlobalSection(SolutionConfigurationPlatforms) = preSolution
		Debug|Any CPU = Debug|Any CPU
		Release|Any CPU = Release|Any CPU
	EndGlobalSection
	GlobalSection(ProjectConfigurationPlatforms) = postSolution
		{9A63A20E-7008-441A-8827-99004F85BDB6}.Debug|Any CPU.ActiveCfg = Debug|Any CPU
		{9A63A20E-7008-441A-8827-99004F85BDB6}.Debug|Any CPU.Build.0 = Debug|Any CPU
		{9A63A20E-7008-441A-8827-99004F85BDB6}.Release|Any CPU.ActiveCfg = Release|Any CPU
		{9A63A20E-7008-441A-8827-99004F85BDB6}.Release|Any CPU.Build.0 = Release|Any CPU
	EndGlobalSection
	GlobalSection(SolutionProperties) = preSolution
		HideSolutionNode = FALSE
	EndGlobalSection
	GlobalSection(ExtensibilityGlobals) = postSolution
		SolutionGuid = {3E44238B-54A7-4ADC-B0AA-5BAF58C9A971}
	EndGlobalSection
EndGlobal
